
Microsoft Visual Studio Solution File, Format Version 12.00
# Visual Studio Version 17
VisualStudioVersion = 17.14.36429.23 d17.14
MinimumVisualStudioVersion = 10.0.40219.1
Project("{FAE04EC0-301F-11D3-BF4B-00C04F79EFBC}") = "T8", "T8\T8.csproj", "{07C6A7C9-4751-45BC-AE91-7CF1A27C255C}"
EndProject
Global
	GlobalSection(SolutionConfigurationPlatforms) = preSolution
		Debug|Any CPU = Debug|Any CPU
		Release|Any CPU = Release|Any CPU
	EndGlobalSection
	GlobalSection(ProjectConfigurationPlatforms) = postSolution
		{07C6A7C9-4751-45BC-AE91-7CF1A27C255C}.Debug|Any CPU.ActiveCfg = Debug|Any CPU
		{07C6A7C9-4751-45BC-AE91-7CF1A27C255C}.Debug|Any CPU.Build.0 = Debug|Any CPU
		{07C6A7C9-4751-45BC-AE91-7CF1A27C255C}.Release|Any CPU.ActiveCfg = Release|Any CPU
		{07C6A7C9-4751-45BC-AE91-7CF1A27C255C}.Release|Any CPU.Build.0 = Release|Any CPU
	EndGlobalSection
	GlobalSection(SolutionProperties) = preSolution
		HideSolutionNode = FALSE
	EndGlobalSection
	GlobalSection(ExtensibilityGlobals) = postSolution
		SolutionGuid = {C7CB5B7A-3C22-4EAE-A928-32C3B0593F3D}
	EndGlobalSection
EndGlobal
