
Microsoft Visual Studio Solution File, Format Version 12.00
# Visual Studio Version 17
VisualStudioVersion = 17.14.36429.23 d17.14
MinimumVisualStudioVersion = 10.0.40219.1
Project("{FAE04EC0-301F-11D3-BF4B-00C04F79EFBC}") = "project2", "project2\project2.csproj", "{30822834-CE37-4817-832E-33179692D6CE}"
EndProject
Global
	GlobalSection(SolutionConfigurationPlatforms) = preSolution
		Debug|Any CPU = Debug|Any CPU
		Release|Any CPU = Release|Any CPU
	EndGlobalSection
	GlobalSection(ProjectConfigurationPlatforms) = postSolution
		{30822834-CE37-4817-832E-33179692D6CE}.Debug|Any CPU.ActiveCfg = Debug|Any CPU
		{30822834-CE37-4817-832E-33179692D6CE}.Debug|Any CPU.Build.0 = Debug|Any CPU
		{30822834-CE37-4817-832E-33179692D6CE}.Release|Any CPU.ActiveCfg = Release|Any CPU
		{30822834-CE37-4817-832E-33179692D6CE}.Release|Any CPU.Build.0 = Release|Any CPU
	EndGlobalSection
	GlobalSection(SolutionProperties) = preSolution
		HideSolutionNode = FALSE
	EndGlobalSection
	GlobalSection(ExtensibilityGlobals) = postSolution
		SolutionGuid = {054FF8D3-37EB-444C-96A2-58FF617CADC5}
	EndGlobalSection
EndGlobal
